
Microsoft Visual Studio Solution File, Format Version 12.00
Project("{2150E333-8FDC-42A3-9474-1A3956D46DE8}") = "src", "src", "{2207A848-C96C-47BA-BDF2-13035DDE9D1E}"
EndProject
Project("{FAE04EC0-301F-11D3-BF4B-00C04F79EFBC}") = "DBWatcher.Core", "src\DBWatcher.Core\DBWatcher.Core.csproj", "{814EE155-2009-4C4C-AA3C-B0C325CB13C1}"
EndProject
Global
	GlobalSection(SolutionConfigurationPlatforms) = preSolution
		Debug|Any CPU = Debug|Any CPU
		Release|Any CPU = Release|Any CPU
	EndGlobalSection
	GlobalSection(ProjectConfigurationPlatforms) = postSolution
		{814EE155-2009-4C4C-AA3C-B0C325CB13C1}.Debug|Any CPU.ActiveCfg = Debug|Any CPU
		{814EE155-2009-4C4C-AA3C-B0C325CB13C1}.Debug|Any CPU.Build.0 = Debug|Any CPU
		{814EE155-2009-4C4C-AA3C-B0C325CB13C1}.Release|Any CPU.ActiveCfg = Release|Any CPU
		{814EE155-2009-4C4C-AA3C-B0C325CB13C1}.Release|Any CPU.Build.0 = Release|Any CPU
	EndGlobalSection
	GlobalSection(NestedProjects) = preSolution
		{814EE155-2009-4C4C-AA3C-B0C325CB13C1} = {2207A848-C96C-47BA-BDF2-13035DDE9D1E}
	EndGlobalSection
EndGlobal
